{
  "lockfile_version": "1",
  "packages": {
    "elixir@latest": {
      "last_modified": "2024-11-28T07:51:56Z",
      "resolved": "github:NixOS/nixpkgs/226216574ada4c3ecefcbbec41f39ce4655f78ef#elixir",
      "source": "devbox-search",
      "version": "1.17.3",
      "systems": {
        "aarch64-darwin": {
          "outputs": [
            {
              "name": "out",
              "path": "/nix/store/91w79z55qsjkhnbs3a21l3h27va98mf6-elixir-1.17.3",
              "default": true
            }
          ],
          "store_path": "/nix/store/91w79z55qsjkhnbs3a21l3h27va98mf6-elixir-1.17.3"
        },
        "aarch64-linux": {
          "outputs": [
            {
              "name": "out",
              "path": "/nix/store/7p1i695gzmvyxq5955d7sb7gzjxly5xy-elixir-1.17.3",
              "default": true
            }
          ],
          "store_path": "/nix/store/7p1i695gzmvyxq5955d7sb7gzjxly5xy-elixir-1.17.3"
        },
        "x86_64-darwin": {
          "outputs": [
            {
              "name": "out",
              "path": "/nix/store/gnjg57wv71svvqw7s3rxyjc6lkps2r95-elixir-1.17.3",
              "default": true
            }
          ],
          "store_path": "/nix/store/gnjg57wv71svvqw7s3rxyjc6lkps2r95-elixir-1.17.3"
        },
        "x86_64-linux": {
          "outputs": [
            {
              "name": "out",
              "path": "/nix/store/5gcginlwbcswnyl4rh64g0g3dz5qwx4c-elixir-1.17.3",
              "default": true
            }
          ],
          "store_path": "/nix/store/5gcginlwbcswnyl4rh64g0g3dz5qwx4c-elixir-1.17.3"
        }
      }
    }
  }
}
